{
    "version": 3,
    "terraform_version": "0.11.0",
    "serial": 11,
    "lineage": "6736652a-6f6b-4fdc-b64e-c16f37ae97f3",
    "modules": [
        {
            "path": [
                "root"
            ],
            "outputs": {},
            "resources": {
                "google_compute_address.private_ip": {
                    "type": "google_compute_address",
                    "depends_on": [
                        "google_compute_subnetwork.subnetwork"
                    ],
                    "primary": {
                        "id": "projects/mlewko-182913/regions/us-east1/addresses/server-private-ip",
                        "attributes": {
                            "address": "10.0.0.2",
                            "address_type": "INTERNAL",
                            "id": "projects/mlewko-182913/regions/us-east1/addresses/server-private-ip",
                            "name": "server-private-ip",
                            "region": "us-east1",
                            "self_link": "https://www.googleapis.com/compute/v1/projects/mlewko-182913/regions/us-east1/addresses/server-private-ip",
                            "subnetwork": "https://www.googleapis.com/compute/v1/projects/mlewko-182913/regions/us-east1/subnetworks/subnetwork-us-east1"
                        },
                        "meta": {
                            "schema_version": "1"
                        },
                        "tainted": false
                    },
                    "deposed": [],
                    "provider": "provider.google"
                },
                "google_compute_address.public_ip": {
                    "type": "google_compute_address",
                    "depends_on": [],
                    "primary": {
                        "id": "projects/mlewko-182913/regions/us-east1/addresses/server-ip",
                        "attributes": {
                            "address": "35.196.161.95",
                            "address_type": "EXTERNAL",
                            "id": "projects/mlewko-182913/regions/us-east1/addresses/server-ip",
                            "name": "server-ip",
                            "region": "us-east1",
                            "self_link": "https://www.googleapis.com/compute/v1/projects/mlewko-182913/regions/us-east1/addresses/server-ip",
                            "subnetwork": ""
                        },
                        "meta": {
                            "schema_version": "1"
                        },
                        "tainted": false
                    },
                    "deposed": [],
                    "provider": "provider.google"
                },
                "google_compute_network.network": {
                    "type": "google_compute_network",
                    "depends_on": [],
                    "primary": {
                        "id": "network-us-east1",
                        "attributes": {
                            "auto_create_subnetworks": "true",
                            "gateway_ipv4": "",
                            "id": "network-us-east1",
                            "name": "network-us-east1",
                            "self_link": "https://www.googleapis.com/compute/v1/projects/mlewko-182913/global/networks/network-us-east1"
                        },
                        "meta": {},
                        "tainted": false
                    },
                    "deposed": [],
                    "provider": "provider.google"
                },
                "google_compute_subnetwork.subnetwork": {
                    "type": "google_compute_subnetwork",
                    "depends_on": [
                        "google_compute_network.network"
                    ],
                    "primary": {
                        "id": "us-east1/subnetwork-us-east1",
                        "attributes": {
                            "description": "",
                            "gateway_address": "10.0.0.1",
                            "id": "us-east1/subnetwork-us-east1",
                            "ip_cidr_range": "10.0.0.0/16",
                            "name": "subnetwork-us-east1",
                            "network": "https://www.googleapis.com/compute/v1/projects/mlewko-182913/global/networks/network-us-east1",
                            "private_ip_google_access": "false",
                            "region": "us-east1",
                            "secondary_ip_range.#": "0",
                            "self_link": "https://www.googleapis.com/compute/v1/projects/mlewko-182913/regions/us-east1/subnetworks/subnetwork-us-east1"
                        },
                        "meta": {},
                        "tainted": false
                    },
                    "deposed": [],
                    "provider": "provider.google"
                },
                "google_sql_database.web-db": {
                    "type": "google_sql_database",
                    "depends_on": [
                        "google_sql_database_instance.main-db-instance"
                    ],
                    "primary": {
                        "id": "main-db-instance:main-databasee",
                        "attributes": {
                            "charset": "utf8",
                            "collation": "utf8_general_ci",
                            "id": "main-db-instance:main-databasee",
                            "instance": "main-db-instance",
                            "name": "main-databasee",
                            "self_link": "https://www.googleapis.com/sql/v1beta4/projects/mlewko-182913/instances/main-db-instance/databases/main-databasee"
                        },
                        "meta": {},
                        "tainted": false
                    },
                    "deposed": [],
                    "provider": "provider.google"
                },
                "google_sql_database_instance.main-db-instance": {
                    "type": "google_sql_database_instance",
                    "depends_on": [],
                    "primary": {
                        "id": "main-db-instance",
                        "attributes": {
                            "connection_name": "mlewko-182913:us-east1:main-db-instance",
                            "database_version": "MYSQL_5_6",
                            "id": "main-db-instance",
                            "ip_address.#": "1",
                            "ip_address.0.ip_address": "35.196.94.89",
                            "ip_address.0.time_to_retire": "",
                            "master_instance_name": "",
                            "name": "main-db-instance",
                            "project": "mlewko-182913",
                            "region": "us-east1",
                            "replica_configuration.#": "0",
                            "self_link": "https://www.googleapis.com/sql/v1beta4/projects/mlewko-182913/instances/main-db-instance",
                            "settings.#": "1",
                            "settings.0.activation_policy": "ALWAYS",
                            "settings.0.authorized_gae_applications.#": "0",
                            "settings.0.backup_configuration.#": "1",
                            "settings.0.backup_configuration.0.binary_log_enabled": "false",
                            "settings.0.backup_configuration.0.enabled": "false",
                            "settings.0.backup_configuration.0.start_time": "04:00",
                            "settings.0.crash_safe_replication": "false",
                            "settings.0.database_flags.#": "0",
                            "settings.0.disk_autoresize": "true",
                            "settings.0.disk_size": "10",
                            "settings.0.disk_type": "PD_SSD",
                            "settings.0.ip_configuration.#": "1",
                            "settings.0.ip_configuration.0.authorized_networks.#": "0",
                            "settings.0.ip_configuration.0.ipv4_enabled": "true",
                            "settings.0.ip_configuration.0.require_ssl": "false",
                            "settings.0.location_preference.#": "0",
                            "settings.0.maintenance_window.#": "0",
                            "settings.0.pricing_plan": "PER_USE",
                            "settings.0.replication_type": "SYNCHRONOUS",
                            "settings.0.tier": "db-f1-micro",
                            "settings.0.version": "1"
                        },
                        "meta": {},
                        "tainted": false
                    },
                    "deposed": [],
                    "provider": "provider.google"
                },
                "google_sql_user.machine-user": {
                    "type": "google_sql_user",
                    "depends_on": [
                        "google_compute_instance.web1",
                        "google_sql_database_instance.main-db-instance"
                    ],
                    "primary": {
                        "id": "main-db-instance/root",
                        "attributes": {
                            "host": "web1",
                            "id": "main-db-instance/root",
                            "instance": "main-db-instance",
                            "name": "root",
                            "password": "root"
                        },
                        "meta": {
                            "schema_version": "1"
                        },
                        "tainted": false
                    },
                    "deposed": [],
                    "provider": "provider.google"
                }
            },
            "depends_on": []
        }
    ]
}
