{
    "version": 3,
    "terraform_version": "0.11.0",
    "serial": 5,
    "lineage": "4b945969-c92a-4c9e-b210-5d7f95ce54f5",
    "modules": [
        {
            "path": [
                "root"
            ],
            "outputs": {},
            "resources": {},
            "depends_on": []
        },
        {
            "path": [
                "root",
                "load-balancer"
            ],
            "outputs": {
                "loadbalancer ip address": {
                    "sensitive": false,
                    "type": "string",
                    "value": "35.196.14.109"
                }
            },
            "resources": {
                "google_compute_address.private_ip": {
                    "type": "google_compute_address",
                    "depends_on": [
                        "google_compute_subnetwork.subnetwork"
                    ],
                    "primary": {
                        "id": "projects/mlewko-182913/regions/us-east1/addresses/lb-server-private-ip",
                        "attributes": {
                            "address": "10.0.0.2",
                            "address_type": "INTERNAL",
                            "id": "projects/mlewko-182913/regions/us-east1/addresses/lb-server-private-ip",
                            "name": "lb-server-private-ip",
                            "region": "us-east1",
                            "self_link": "https://www.googleapis.com/compute/v1/projects/mlewko-182913/regions/us-east1/addresses/lb-server-private-ip",
                            "subnetwork": "https://www.googleapis.com/compute/v1/projects/mlewko-182913/regions/us-east1/subnetworks/lb-subnetwork-us-east1"
                        },
                        "meta": {
                            "schema_version": "1"
                        },
                        "tainted": false
                    },
                    "deposed": [],
                    "provider": "provider.google"
                },
                "google_compute_address.public_ip": {
                    "type": "google_compute_address",
                    "depends_on": [],
                    "primary": {
                        "id": "projects/mlewko-182913/regions/us-east1/addresses/lb-server-ip",
                        "attributes": {
                            "address": "35.196.14.109",
                            "address_type": "EXTERNAL",
                            "id": "projects/mlewko-182913/regions/us-east1/addresses/lb-server-ip",
                            "name": "lb-server-ip",
                            "region": "us-east1",
                            "self_link": "https://www.googleapis.com/compute/v1/projects/mlewko-182913/regions/us-east1/addresses/lb-server-ip",
                            "subnetwork": ""
                        },
                        "meta": {
                            "schema_version": "1"
                        },
                        "tainted": false
                    },
                    "deposed": [],
                    "provider": "provider.google"
                },
                "google_compute_firewall.ssh": {
                    "type": "google_compute_firewall",
                    "depends_on": [
                        "google_compute_network.network"
                    ],
                    "primary": {
                        "id": "lb-sshwall",
                        "attributes": {
                            "allow.#": "1",
                            "allow.803338340.ports.#": "1",
                            "allow.803338340.ports.0": "22",
                            "allow.803338340.protocol": "tcp",
                            "deny.#": "0",
                            "description": "",
                            "destination_ranges.#": "0",
                            "id": "lb-sshwall",
                            "name": "lb-sshwall",
                            "network": "https://www.googleapis.com/compute/v1/projects/mlewko-182913/global/networks/lb-network-us-east1",
                            "priority": "1000",
                            "project": "mlewko-182913",
                            "self_link": "https://www.googleapis.com/compute/v1/projects/mlewko-182913/global/firewalls/lb-sshwall",
                            "source_ranges.#": "2",
                            "source_ranges.259965010": "156.17.4.0/24",
                            "source_ranges.280098022": "83.26.108.8/32",
                            "source_service_accounts.#": "0",
                            "source_tags.#": "0",
                            "target_service_accounts.#": "0",
                            "target_tags.#": "1",
                            "target_tags.4186517774": "loadbalancer"
                        },
                        "meta": {
                            "schema_version": "1"
                        },
                        "tainted": false
                    },
                    "deposed": [],
                    "provider": "provider.google"
                },
                "google_compute_instance.load-balancer": {
                    "type": "google_compute_instance",
                    "depends_on": [
                        "google_compute_address.private_ip",
                        "google_compute_address.public_ip",
                        "google_compute_subnetwork.subnetwork"
                    ],
                    "primary": {
                        "id": "load-balancer",
                        "attributes": {
                            "attached_disk.#": "0",
                            "boot_disk.#": "1",
                            "boot_disk.0.auto_delete": "true",
                            "boot_disk.0.device_name": "persistent-disk-0",
                            "boot_disk.0.disk_encryption_key_raw": "",
                            "boot_disk.0.disk_encryption_key_sha256": "",
                            "boot_disk.0.initialize_params.#": "1",
                            "boot_disk.0.initialize_params.0.image": "debian-cloud/debian-8",
                            "boot_disk.0.initialize_params.0.size": "0",
                            "boot_disk.0.initialize_params.0.type": "",
                            "boot_disk.0.source": "https://www.googleapis.com/compute/v1/projects/mlewko-182913/zones/us-east1-b/disks/load-balancer",
                            "can_ip_forward": "false",
                            "cpu_platform": "Intel Haswell",
                            "create_timeout": "4",
                            "guest_accelerator.#": "0",
                            "id": "load-balancer",
                            "instance_id": "6370474252192894400",
                            "label_fingerprint": "42WmSpB8rSM=",
                            "machine_type": "n1-standard-1",
                            "metadata.%": "1",
                            "metadata.sshKeys": "mateuszlewko:ssh-rsa AAAAB3NzaC1yc2EAAAADAQABAAABAQC7IcpI6990bH9IZnQ1DvY4AW99eiYeglvIDqiBriutVcNsRhYobSeaxj+jPpPeABXh1SVMcYGqRJ47sGwsJJ4jxSkQhlMpo8z0QdNw02ocGz6eqV8pkKdFa29HkFSjUfOJjmAD8now5B8CsprZotGjgltyX5Sg/l1p9QdQ6kyCJOxAnG2/bHlBJMvsBBfLFdvRL6mM4RNUTCIo0FvFyg5beVa9n4/fZJeSbEYhA3dn3wMh9AyZvJVinxSPRWTnWUzCn3N6HtYJd1sJmqcitQpJ2wc7QPxM1FQ05FJ/zKVVBVjZmIVdRVFURwt9RAMN45ZjfPJRf7GnuBxnVqQYt4Wf",
                            "metadata_fingerprint": "GEDSfTY9kH4=",
                            "min_cpu_platform": "",
                            "name": "load-balancer",
                            "network_interface.#": "1",
                            "network_interface.0.access_config.#": "1",
                            "network_interface.0.access_config.0.assigned_nat_ip": "35.196.14.109",
                            "network_interface.0.access_config.0.nat_ip": "35.196.14.109",
                            "network_interface.0.address": "10.0.0.2",
                            "network_interface.0.alias_ip_range.#": "0",
                            "network_interface.0.name": "nic0",
                            "network_interface.0.network": "https://www.googleapis.com/compute/v1/projects/mlewko-182913/global/networks/lb-network-us-east1",
                            "network_interface.0.subnetwork": "https://www.googleapis.com/compute/v1/projects/mlewko-182913/regions/us-east1/subnetworks/lb-subnetwork-us-east1",
                            "network_interface.0.subnetwork_project": "mlewko-182913",
                            "scheduling.#": "1",
                            "scheduling.0.automatic_restart": "true",
                            "scheduling.0.on_host_maintenance": "MIGRATE",
                            "scheduling.0.preemptible": "false",
                            "scratch_disk.#": "0",
                            "self_link": "https://www.googleapis.com/compute/v1/projects/mlewko-182913/zones/us-east1-b/instances/load-balancer",
                            "service_account.#": "0",
                            "tags.#": "1",
                            "tags.4186517774": "loadbalancer",
                            "tags_fingerprint": "L2Lyn73A-74=",
                            "zone": "us-east1-b"
                        },
                        "meta": {
                            "schema_version": "6"
                        },
                        "tainted": true
                    },
                    "deposed": [],
                    "provider": "provider.google"
                },
                "google_compute_network.network": {
                    "type": "google_compute_network",
                    "depends_on": [],
                    "primary": {
                        "id": "lb-network-us-east1",
                        "attributes": {
                            "auto_create_subnetworks": "true",
                            "gateway_ipv4": "",
                            "id": "lb-network-us-east1",
                            "name": "lb-network-us-east1",
                            "self_link": "https://www.googleapis.com/compute/v1/projects/mlewko-182913/global/networks/lb-network-us-east1"
                        },
                        "meta": {},
                        "tainted": false
                    },
                    "deposed": [],
                    "provider": "provider.google"
                },
                "google_compute_subnetwork.subnetwork": {
                    "type": "google_compute_subnetwork",
                    "depends_on": [
                        "google_compute_network.network"
                    ],
                    "primary": {
                        "id": "us-east1/lb-subnetwork-us-east1",
                        "attributes": {
                            "description": "",
                            "gateway_address": "10.0.0.1",
                            "id": "us-east1/lb-subnetwork-us-east1",
                            "ip_cidr_range": "10.0.0.0/16",
                            "name": "lb-subnetwork-us-east1",
                            "network": "https://www.googleapis.com/compute/v1/projects/mlewko-182913/global/networks/lb-network-us-east1",
                            "private_ip_google_access": "false",
                            "region": "us-east1",
                            "secondary_ip_range.#": "0",
                            "self_link": "https://www.googleapis.com/compute/v1/projects/mlewko-182913/regions/us-east1/subnetworks/lb-subnetwork-us-east1"
                        },
                        "meta": {},
                        "tainted": false
                    },
                    "deposed": [],
                    "provider": "provider.google"
                }
            },
            "depends_on": []
        }
    ]
}
